<?xml version="1.0" encoding="utf-8"?>
<Project ToolsVersion="4.0" xmlns="http://schemas.microsoft.com/developer/msbuild/2003">
  <ItemGroup>
    <Filter Include="리소스 파일">
      <UniqueIdentifier>{67DA6AB6-F800-4c08-8B7A-83BB121AAD01}</UniqueIdentifier>
      <Extensions>rc;ico;cur;bmp;dlg;rc2;rct;bin;rgs;gif;jpg;jpeg;jpe;resx;tiff;tif;png;wav;mfcribbon-ms</Extensions>
    </Filter>
    <Filter Include="Game">
      <UniqueIdentifier>{6f4dbe6c-a089-4b2f-8332-d2ff355ac572}</UniqueIdentifier>
    </Filter>
    <Filter Include="Game\01. Header">
      <UniqueIdentifier>{f299f02f-7cea-419d-9bef-8b295b193242}</UniqueIdentifier>
    </Filter>
    <Filter Include="Game\02. Engine">
      <UniqueIdentifier>{57c90d44-bfb6-43f9-a6bd-0c4b9d20e82f}</UniqueIdentifier>
    </Filter>
    <Filter Include="Game\Base">
      <UniqueIdentifier>{9f8dbb8b-b446-4700-bc6c-46d510a055dd}</UniqueIdentifier>
    </Filter>
    <Filter Include="Game\03.Object">
      <UniqueIdentifier>{e2468fd6-8fa3-414a-9c11-208f9c8e54c0}</UniqueIdentifier>
    </Filter>
    <Filter Include="Game\03.Object\01. Player">
      <UniqueIdentifier>{38621ff5-dae7-4e4d-aab5-ac544dd93315}</UniqueIdentifier>
    </Filter>
    <Filter Include="Game\04. Level">
      <UniqueIdentifier>{2e4eb7eb-b283-4be3-a95b-f93083e525bd}</UniqueIdentifier>
    </Filter>
    <Filter Include="Game\05. Manager">
      <UniqueIdentifier>{3c543889-451e-4b3a-aaa2-08df554c1b2f}</UniqueIdentifier>
    </Filter>
    <Filter Include="Game\05. Manager\TimeMgr">
      <UniqueIdentifier>{d0ff2931-9ad1-4d1d-bf69-4b1ba697270c}</UniqueIdentifier>
    </Filter>
    <Filter Include="Game\05. Manager\KeyMgr">
      <UniqueIdentifier>{83679a20-ccc5-4b26-a129-eaf351cbfd59}</UniqueIdentifier>
    </Filter>
    <Filter Include="Game\05. Manager\LevelMgr">
      <UniqueIdentifier>{5f92e034-dbc5-4289-8d05-e34c8b7d379d}</UniqueIdentifier>
    </Filter>
    <Filter Include="Game\05. Manager\PathMgr">
      <UniqueIdentifier>{b3f5ebd2-0e0d-4d39-b3df-6c96d40d94bb}</UniqueIdentifier>
    </Filter>
    <Filter Include="Game\05. Manager\AssetMgr">
      <UniqueIdentifier>{57c49b57-9e87-4d60-bc14-6ca96b109c2f}</UniqueIdentifier>
    </Filter>
    <Filter Include="Game\06. Asset">
      <UniqueIdentifier>{d6dec91a-e9b6-490b-8fe9-539ca7ec42a8}</UniqueIdentifier>
    </Filter>
    <Filter Include="Game\06. Asset\Texture">
      <UniqueIdentifier>{1674c970-51be-4922-9a8b-fcee28c34913}</UniqueIdentifier>
    </Filter>
    <Filter Include="Game\06. Asset\Animation">
      <UniqueIdentifier>{bae16e56-001d-4f70-bf47-ce813ac695d6}</UniqueIdentifier>
    </Filter>
    <Filter Include="Game\06. Asset\Sound">
      <UniqueIdentifier>{bbbaf6b1-08a4-4add-ba86-4561b50a3919}</UniqueIdentifier>
    </Filter>
    <Filter Include="Game\07. Component">
      <UniqueIdentifier>{cb8aa9eb-b0e5-44a2-af57-778a6f8a81df}</UniqueIdentifier>
    </Filter>
    <Filter Include="Game\07. Component\SpriteRenderer">
      <UniqueIdentifier>{bb2f79cd-c002-4270-ad59-80e4359008dc}</UniqueIdentifier>
    </Filter>
    <Filter Include="Game\04. Level\Level_Editor">
      <UniqueIdentifier>{82618a91-d49a-4fab-bcea-5b865ec17d9a}</UniqueIdentifier>
    </Filter>
    <Filter Include="Game\04. Level\Level_Stage01">
      <UniqueIdentifier>{b64f70e9-3da2-4e31-aba8-27950ec3282f}</UniqueIdentifier>
    </Filter>
    <Filter Include="Game\05. Manager\Camera">
      <UniqueIdentifier>{6302ee1b-876a-49dd-88e8-71e4fdb70d98}</UniqueIdentifier>
    </Filter>
    <Filter Include="Game\07. Component\Animator">
      <UniqueIdentifier>{45786cfc-51be-4ce1-96e6-6ed24e4e4573}</UniqueIdentifier>
    </Filter>
    <Filter Include="Game\07. Component\Collider">
      <UniqueIdentifier>{3470db7b-ab6f-40c8-abcc-c5c47f7ddb6e}</UniqueIdentifier>
    </Filter>
    <Filter Include="Game\05. Manager\CollisionMgr">
      <UniqueIdentifier>{fbfe3402-2a55-46f5-9371-7af869ced034}</UniqueIdentifier>
    </Filter>
    <Filter Include="Game\05. Manager\DebugMgr">
      <UniqueIdentifier>{1b72272d-5554-41e0-bff2-d08f03796f01}</UniqueIdentifier>
    </Filter>
    <Filter Include="Game\08. Module">
      <UniqueIdentifier>{33e9505d-14eb-4dcf-ade2-dcb662500d38}</UniqueIdentifier>
    </Filter>
    <Filter Include="Game\06. Asset\Tile">
      <UniqueIdentifier>{55642015-523e-4917-8d94-e042e1e8185a}</UniqueIdentifier>
    </Filter>
    <Filter Include="Game\07. Component\TileMap">
      <UniqueIdentifier>{84396389-a1bc-44b4-8235-6e04fe15e593}</UniqueIdentifier>
    </Filter>
    <Filter Include="Game\03.Object\02. Platform">
      <UniqueIdentifier>{a5eee87b-5f44-45e5-a636-fc2c136551fb}</UniqueIdentifier>
    </Filter>
    <Filter Include="Game\05. Manager\TaskMgr">
      <UniqueIdentifier>{178c7332-63b9-4497-af8a-4ca9fe4aafc9}</UniqueIdentifier>
    </Filter>
    <Filter Include="Game\07. Component\RigidBody">
      <UniqueIdentifier>{e5f247cd-ee3e-4f94-81d2-fa0a77917893}</UniqueIdentifier>
    </Filter>
    <Filter Include="Game\07. Component\FiniteStateMachine">
      <UniqueIdentifier>{8156e2f3-ed0f-40cd-8cee-d510ce07a586}</UniqueIdentifier>
    </Filter>
    <Filter Include="Game\08. Module\State">
      <UniqueIdentifier>{f207cbcc-a0a4-43be-8bdd-70bd31d06448}</UniqueIdentifier>
    </Filter>
    <Filter Include="Game\08. Module\State\Idle">
      <UniqueIdentifier>{2361785b-6ef1-418b-9dd0-c5f4fc7f8e73}</UniqueIdentifier>
    </Filter>
    <Filter Include="Game\08. Module\State\Fall">
      <UniqueIdentifier>{af5ed90e-fb51-422d-b5e9-a8af16c04f5c}</UniqueIdentifier>
    </Filter>
    <Filter Include="Game\08. Module\State\Dash">
      <UniqueIdentifier>{aff88c7e-b28a-44fc-8949-eb81d9830011}</UniqueIdentifier>
    </Filter>
    <Filter Include="Game\08. Module\State\Jump">
      <UniqueIdentifier>{f45fc294-b5ca-476d-aaa8-7c5afa0715c9}</UniqueIdentifier>
    </Filter>
    <Filter Include="Game\08. Module\State\Run">
      <UniqueIdentifier>{fcbc31b5-7c2f-42c0-86a1-0318b94faf60}</UniqueIdentifier>
    </Filter>
    <Filter Include="Game\04. Level\Level_Editor\Level_AnimEditor">
      <UniqueIdentifier>{648a042f-b34f-459c-bf5c-a703b901bb29}</UniqueIdentifier>
    </Filter>
    <Filter Include="Game\04. Level\Level_Editor\Level_MapEditor">
      <UniqueIdentifier>{b849ad9a-4216-4ea3-8763-0b13db0003e6}</UniqueIdentifier>
    </Filter>
    <Filter Include="Game\03.Object\03. UI">
      <UniqueIdentifier>{f8b3f6c2-ab36-4ba5-9cfd-26be9ac36532}</UniqueIdentifier>
    </Filter>
    <Filter Include="Game\03.Object\03. UI\Panel">
      <UniqueIdentifier>{a4e0a80b-7f4b-451c-b52c-32c227fc6c87}</UniqueIdentifier>
    </Filter>
    <Filter Include="Game\03.Object\03. UI\Button">
      <UniqueIdentifier>{df204610-e4bc-4fe2-a5e1-ad734b2b96c7}</UniqueIdentifier>
    </Filter>
    <Filter Include="Game\05. Manager\UIMgr">
      <UniqueIdentifier>{e0cf338d-023d-4581-a80a-f16711f9d016}</UniqueIdentifier>
    </Filter>
    <Filter Include="Game\03.Object\03. UI\Anim">
      <UniqueIdentifier>{54165038-8d02-4428-84a8-ba6125a995c8}</UniqueIdentifier>
    </Filter>
    <Filter Include="Game\03.Object\03. UI\TextBox">
      <UniqueIdentifier>{f95d87cc-e1d1-46b0-a5cb-4f2a1a69d916}</UniqueIdentifier>
    </Filter>
    <Filter Include="Game\03.Object\03. UI\Text">
      <UniqueIdentifier>{b3656d61-137c-4add-847b-da5ec1860eff}</UniqueIdentifier>
    </Filter>
    <Filter Include="Game\08. Module\State\Climb">
      <UniqueIdentifier>{862ef378-06b0-47df-a16c-3fb2b7636061}</UniqueIdentifier>
    </Filter>
    <Filter Include="Game\05. Manager\LogMgr">
      <UniqueIdentifier>{a494f0ee-d08a-4477-8a2c-53c067d1ef6c}</UniqueIdentifier>
    </Filter>
    <Filter Include="Game\03.Object\04. Effect">
      <UniqueIdentifier>{f2e80b2f-3b0c-4c06-8852-96cc4a4380ae}</UniqueIdentifier>
    </Filter>
    <Filter Include="Game\03.Object\04. Effect\Particle">
      <UniqueIdentifier>{dabefedc-ed7f-46ce-99c3-cd1d74161bb6}</UniqueIdentifier>
    </Filter>
    <Filter Include="Game\03.Object\04. Effect\AfterImage">
      <UniqueIdentifier>{2705531f-6f91-405a-b52c-8a81757ff18a}</UniqueIdentifier>
    </Filter>
    <Filter Include="Game\08. Module\State\Dead">
      <UniqueIdentifier>{08fbabaa-15bc-46a1-994f-c82947d9e965}</UniqueIdentifier>
    </Filter>
    <Filter Include="Game\03.Object\04. Effect\DeadEffect">
      <UniqueIdentifier>{068bfdb2-6b50-4156-bbec-417b75e30a68}</UniqueIdentifier>
    </Filter>
    <Filter Include="Game\03.Object\05. BackGround">
      <UniqueIdentifier>{bde9be07-8a98-4091-8554-b286b5241116}</UniqueIdentifier>
    </Filter>
    <Filter Include="Game\06. Asset\Palette">
      <UniqueIdentifier>{49bba1ab-3a73-44f9-ba51-86ebf50387a7}</UniqueIdentifier>
    </Filter>
    <Filter Include="Game\03.Object\Strawberry">
      <UniqueIdentifier>{c8f439bc-a3f4-4e03-abb9-2d91c5fbaeeb}</UniqueIdentifier>
    </Filter>
    <Filter Include="Game\05. Manager\GameMgr">
      <UniqueIdentifier>{a20d99de-3d63-4ece-bbfa-4ec4823dd8af}</UniqueIdentifier>
    </Filter>
    <Filter Include="Game\03.Object\Spring">
      <UniqueIdentifier>{9d15012b-59b7-4b61-94de-cd18ca670421}</UniqueIdentifier>
    </Filter>
    <Filter Include="Game\08. Module\State\Bounce">
      <UniqueIdentifier>{339a156a-a5b1-420f-86eb-006df865a7d0}</UniqueIdentifier>
    </Filter>
    <Filter Include="Game\03.Object\ZipMover">
      <UniqueIdentifier>{7193a832-7f32-4c6a-ae4e-9b4ce88e9d79}</UniqueIdentifier>
    </Filter>
    <Filter Include="Game\05. Manager\SoundMgr">
      <UniqueIdentifier>{057b294e-d871-43c8-953d-06b6d0b51958}</UniqueIdentifier>
    </Filter>
    <Filter Include="Game\04. Level\Level_Stage00">
      <UniqueIdentifier>{bd0e2727-6411-4171-8b3a-2da1fae2d8af}</UniqueIdentifier>
    </Filter>
    <Filter Include="Game\04. Level\Level_Start">
      <UniqueIdentifier>{dd1f7e6c-8495-43dc-bbc5-83b09778535f}</UniqueIdentifier>
    </Filter>
    <Filter Include="Game\08. Module\SaveData">
      <UniqueIdentifier>{9a93dd43-bd00-49b7-bb6e-93bfa0fb35e9}</UniqueIdentifier>
    </Filter>
  </ItemGroup>
  <ItemGroup>
    <ClInclude Include="Resource.h" />
    <ClInclude Include="targetver.h" />
    <ClInclude Include="define.h">
      <Filter>Game\01. Header</Filter>
    </ClInclude>
    <ClInclude Include="struct.h">
      <Filter>Game\01. Header</Filter>
    </ClInclude>
    <ClInclude Include="global.h">
      <Filter>Game\01. Header</Filter>
    </ClInclude>
    <ClInclude Include="CEngine.h">
      <Filter>Game\02. Engine</Filter>
    </ClInclude>
    <ClInclude Include="enum.h">
      <Filter>Game\01. Header</Filter>
    </ClInclude>
    <ClInclude Include="CBase.h">
      <Filter>Game\Base</Filter>
    </ClInclude>
    <ClInclude Include="CObj.h">
      <Filter>Game\03.Object</Filter>
    </ClInclude>
    <ClInclude Include="pch.h" />
    <ClInclude Include="CPlayer.h">
      <Filter>Game\03.Object\01. Player</Filter>
    </ClInclude>
    <ClInclude Include="CLevel.h">
      <Filter>Game\04. Level</Filter>
    </ClInclude>
    <ClInclude Include="CManager.h">
      <Filter>Game\05. Manager</Filter>
    </ClInclude>
    <ClInclude Include="CLevelMgr.h">
      <Filter>Game\05. Manager\LevelMgr</Filter>
    </ClInclude>
    <ClInclude Include="CKeyMgr.h">
      <Filter>Game\05. Manager\KeyMgr</Filter>
    </ClInclude>
    <ClInclude Include="CTimeMgr.h">
      <Filter>Game\05. Manager\TimeMgr</Filter>
    </ClInclude>
    <ClInclude Include="CPathMgr.h">
      <Filter>Game\05. Manager\PathMgr</Filter>
    </ClInclude>
    <ClInclude Include="CAssetMgr.h">
      <Filter>Game\05. Manager\AssetMgr</Filter>
    </ClInclude>
    <ClInclude Include="CAsset.h">
      <Filter>Game\06. Asset</Filter>
    </ClInclude>
    <ClInclude Include="CTexture.h">
      <Filter>Game\06. Asset\Texture</Filter>
    </ClInclude>
    <ClInclude Include="CAnimation.h">
      <Filter>Game\06. Asset\Animation</Filter>
    </ClInclude>
    <ClInclude Include="CSound.h">
      <Filter>Game\06. Asset\Sound</Filter>
    </ClInclude>
    <ClInclude Include="CSpriteRenderer.h">
      <Filter>Game\07. Component\SpriteRenderer</Filter>
    </ClInclude>
    <ClInclude Include="CLevel_Start.h">
      <Filter>Game\04. Level\Level_Start</Filter>
    </ClInclude>
    <ClInclude Include="CLevel_Editor.h">
      <Filter>Game\04. Level\Level_Editor</Filter>
    </ClInclude>
    <ClInclude Include="CLevel_Level_01.h">
      <Filter>Game\04. Level\Level_Stage01</Filter>
    </ClInclude>
    <ClInclude Include="CCamera.h">
      <Filter>Game\05. Manager\Camera</Filter>
    </ClInclude>
    <ClInclude Include="CComponent.h">
      <Filter>Game\07. Component</Filter>
    </ClInclude>
    <ClInclude Include="CAnimator.h">
      <Filter>Game\07. Component\Animator</Filter>
    </ClInclude>
    <ClInclude Include="function.h">
      <Filter>Game\01. Header</Filter>
    </ClInclude>
    <ClInclude Include="CCollider.h">
      <Filter>Game\07. Component\Collider</Filter>
    </ClInclude>
    <ClInclude Include="CCollisionMgr.h">
      <Filter>Game\05. Manager\CollisionMgr</Filter>
    </ClInclude>
    <ClInclude Include="CDebugMgr.h">
      <Filter>Game\05. Manager\DebugMgr</Filter>
    </ClInclude>
    <ClInclude Include="CSelectObject.h">
      <Filter>Game\08. Module</Filter>
    </ClInclude>
    <ClInclude Include="CTileMap.h">
      <Filter>Game\07. Component\TileMap</Filter>
    </ClInclude>
    <ClInclude Include="CTile.h">
      <Filter>Game\06. Asset\Tile</Filter>
    </ClInclude>
    <ClInclude Include="CPlatform.h">
      <Filter>Game\03.Object\02. Platform</Filter>
    </ClInclude>
    <ClInclude Include="CTaskMgr.h">
      <Filter>Game\05. Manager\TaskMgr</Filter>
    </ClInclude>
    <ClInclude Include="CRigidBody.h">
      <Filter>Game\07. Component\RigidBody</Filter>
    </ClInclude>
    <ClInclude Include="CState.h">
      <Filter>Game\08. Module\State</Filter>
    </ClInclude>
    <ClInclude Include="CStateMachine.h">
      <Filter>Game\07. Component\FiniteStateMachine</Filter>
    </ClInclude>
    <ClInclude Include="CState_Idle.h">
      <Filter>Game\08. Module\State\Idle</Filter>
    </ClInclude>
    <ClInclude Include="CState_Fall.h">
      <Filter>Game\08. Module\State\Fall</Filter>
    </ClInclude>
    <ClInclude Include="CState_Climb.h">
      <Filter>Game\08. Module\State\Climb</Filter>
    </ClInclude>
    <ClInclude Include="CState_Dash.h">
      <Filter>Game\08. Module\State\Dash</Filter>
    </ClInclude>
    <ClInclude Include="CState_Jump.h">
      <Filter>Game\08. Module\State\Jump</Filter>
    </ClInclude>
    <ClInclude Include="CState_Run.h">
      <Filter>Game\08. Module\State\Run</Filter>
    </ClInclude>
    <ClInclude Include="CLevel_AnimEditor.h">
      <Filter>Game\04. Level\Level_Editor\Level_AnimEditor</Filter>
    </ClInclude>
    <ClInclude Include="CLevel_MapEditor.h">
      <Filter>Game\04. Level\Level_Editor\Level_MapEditor</Filter>
    </ClInclude>
    <ClInclude Include="CUI.h">
      <Filter>Game\03.Object\03. UI</Filter>
    </ClInclude>
    <ClInclude Include="CButtonUI.h">
      <Filter>Game\03.Object\03. UI\Button</Filter>
    </ClInclude>
    <ClInclude Include="CPanelUI.h">
      <Filter>Game\03.Object\03. UI\Panel</Filter>
    </ClInclude>
    <ClInclude Include="CUIMgr.h">
      <Filter>Game\05. Manager\UIMgr</Filter>
    </ClInclude>
    <ClInclude Include="CAnimUI.h">
      <Filter>Game\03.Object\03. UI\Anim</Filter>
    </ClInclude>
    <ClInclude Include="CTextBoxUI.h">
      <Filter>Game\03.Object\03. UI\TextBox</Filter>
    </ClInclude>
    <ClInclude Include="CTextUI.h">
      <Filter>Game\03.Object\03. UI\Text</Filter>
    </ClInclude>
    <ClInclude Include="CLogMgr.h">
      <Filter>Game\05. Manager\LogMgr</Filter>
    </ClInclude>
    <ClInclude Include="CAfterImage.h">
      <Filter>Game\03.Object\04. Effect\AfterImage</Filter>
    </ClInclude>
    <ClInclude Include="CState_Dead.h">
      <Filter>Game\08. Module\State\Dead</Filter>
    </ClInclude>
    <ClInclude Include="CDeadEffect.h">
      <Filter>Game\03.Object\04. Effect\DeadEffect</Filter>
    </ClInclude>
    <ClInclude Include="CBackGround.h">
      <Filter>Game\03.Object\05. BackGround</Filter>
    </ClInclude>
    <ClInclude Include="CPalette.h">
      <Filter>Game\06. Asset\Palette</Filter>
    </ClInclude>
    <ClInclude Include="CStrawBerry.h">
      <Filter>Game\03.Object\Strawberry</Filter>
    </ClInclude>
    <ClInclude Include="CGameMgr.h">
      <Filter>Game\05. Manager\GameMgr</Filter>
    </ClInclude>
    <ClInclude Include="CSpring.h">
      <Filter>Game\03.Object\Spring</Filter>
    </ClInclude>
    <ClInclude Include="CState_Bounce.h">
      <Filter>Game\08. Module\State\Bounce</Filter>
    </ClInclude>
    <ClInclude Include="CZipMover.h">
      <Filter>Game\03.Object\ZipMover</Filter>
    </ClInclude>
    <ClInclude Include="CSoundMgr.h">
      <Filter>Game\05. Manager\SoundMgr</Filter>
    </ClInclude>
    <ClInclude Include="CLevel_Level_00.h">
      <Filter>Game\04. Level\Level_Stage00</Filter>
    </ClInclude>
    <ClInclude Include="CSaveData.h">
      <Filter>Game\08. Module\SaveData</Filter>
    </ClInclude>
  </ItemGroup>
  <ItemGroup>
    <ResourceCompile Include="GameEngine.rc">
      <Filter>리소스 파일</Filter>
    </ResourceCompile>
  </ItemGroup>
  <ItemGroup>
    <Image Include="small.ico">
      <Filter>리소스 파일</Filter>
    </Image>
    <Image Include="GameEngine.ico">
      <Filter>리소스 파일</Filter>
    </Image>
  </ItemGroup>
  <ItemGroup>
    <ClCompile Include="main.cpp" />
    <ClCompile Include="CEngine.cpp">
      <Filter>Game\02. Engine</Filter>
    </ClCompile>
    <ClCompile Include="CBase.cpp">
      <Filter>Game\Base</Filter>
    </ClCompile>
    <ClCompile Include="CObj.cpp">
      <Filter>Game\03.Object</Filter>
    </ClCompile>
    <ClCompile Include="CPlayer.cpp">
      <Filter>Game\03.Object\01. Player</Filter>
    </ClCompile>
    <ClCompile Include="CLevel.cpp">
      <Filter>Game\04. Level</Filter>
    </ClCompile>
    <ClCompile Include="CManager.cpp">
      <Filter>Game\05. Manager</Filter>
    </ClCompile>
    <ClCompile Include="CLevelMgr.cpp">
      <Filter>Game\05. Manager\LevelMgr</Filter>
    </ClCompile>
    <ClCompile Include="CKeyMgr.cpp">
      <Filter>Game\05. Manager\KeyMgr</Filter>
    </ClCompile>
    <ClCompile Include="CTimeMgr.cpp">
      <Filter>Game\05. Manager\TimeMgr</Filter>
    </ClCompile>
    <ClCompile Include="CPathMgr.cpp">
      <Filter>Game\05. Manager\PathMgr</Filter>
    </ClCompile>
    <ClCompile Include="CAssetMgr.cpp">
      <Filter>Game\05. Manager\AssetMgr</Filter>
    </ClCompile>
    <ClCompile Include="CAsset.cpp">
      <Filter>Game\06. Asset</Filter>
    </ClCompile>
    <ClCompile Include="CTexture.cpp">
      <Filter>Game\06. Asset\Texture</Filter>
    </ClCompile>
    <ClCompile Include="CAnimation.cpp">
      <Filter>Game\06. Asset\Animation</Filter>
    </ClCompile>
    <ClCompile Include="CSound.cpp">
      <Filter>Game\06. Asset\Sound</Filter>
    </ClCompile>
    <ClCompile Include="CSpriteRenderer.cpp">
      <Filter>Game\07. Component\SpriteRenderer</Filter>
    </ClCompile>
    <ClCompile Include="pch.cpp" />
    <ClCompile Include="CLevel_Start.cpp">
      <Filter>Game\04. Level\Level_Start</Filter>
    </ClCompile>
    <ClCompile Include="CLevel_Editor.cpp">
      <Filter>Game\04. Level\Level_Editor</Filter>
    </ClCompile>
    <ClCompile Include="CLevel_Level_01.cpp">
      <Filter>Game\04. Level\Level_Stage01</Filter>
    </ClCompile>
    <ClCompile Include="CCamera.cpp">
      <Filter>Game\05. Manager\Camera</Filter>
    </ClCompile>
    <ClCompile Include="CComponent.cpp">
      <Filter>Game\07. Component</Filter>
    </ClCompile>
    <ClCompile Include="CAnimator.cpp">
      <Filter>Game\07. Component\Animator</Filter>
    </ClCompile>
    <ClCompile Include="CCollider.cpp">
      <Filter>Game\07. Component\Collider</Filter>
    </ClCompile>
    <ClCompile Include="CCollisionMgr.cpp">
      <Filter>Game\05. Manager\CollisionMgr</Filter>
    </ClCompile>
    <ClCompile Include="CDebugMgr.cpp">
      <Filter>Game\05. Manager\DebugMgr</Filter>
    </ClCompile>
    <ClCompile Include="CSelectObject.cpp">
      <Filter>Game\08. Module</Filter>
    </ClCompile>
    <ClCompile Include="function.cpp">
      <Filter>Game</Filter>
    </ClCompile>
    <ClCompile Include="CTileMap.cpp">
      <Filter>Game\07. Component\TileMap</Filter>
    </ClCompile>
    <ClCompile Include="CTile.cpp">
      <Filter>Game\06. Asset\Tile</Filter>
    </ClCompile>
    <ClCompile Include="CPlatform.cpp">
      <Filter>Game\03.Object\02. Platform</Filter>
    </ClCompile>
    <ClCompile Include="CTaskMgr.cpp">
      <Filter>Game\05. Manager\TaskMgr</Filter>
    </ClCompile>
    <ClCompile Include="CRigidBody.cpp">
      <Filter>Game\07. Component\RigidBody</Filter>
    </ClCompile>
    <ClCompile Include="CState.cpp">
      <Filter>Game\08. Module\State</Filter>
    </ClCompile>
    <ClCompile Include="CStateMachine.cpp">
      <Filter>Game\07. Component\FiniteStateMachine</Filter>
    </ClCompile>
    <ClCompile Include="CState_Idle.cpp">
      <Filter>Game\08. Module\State\Idle</Filter>
    </ClCompile>
    <ClCompile Include="CState_Fall.cpp">
      <Filter>Game\08. Module\State\Fall</Filter>
    </ClCompile>
    <ClCompile Include="CState_Climb.cpp">
      <Filter>Game\08. Module\State\Climb</Filter>
    </ClCompile>
    <ClCompile Include="CState_Dash.cpp">
      <Filter>Game\08. Module\State\Dash</Filter>
    </ClCompile>
    <ClCompile Include="CState_Jump.cpp">
      <Filter>Game\08. Module\State\Jump</Filter>
    </ClCompile>
    <ClCompile Include="CState_Run.cpp">
      <Filter>Game\08. Module\State\Run</Filter>
    </ClCompile>
    <ClCompile Include="CLevel_AnimEditor.cpp">
      <Filter>Game\04. Level\Level_Editor\Level_AnimEditor</Filter>
    </ClCompile>
    <ClCompile Include="CLevel_MapEditor.cpp">
      <Filter>Game\04. Level\Level_Editor\Level_MapEditor</Filter>
    </ClCompile>
    <ClCompile Include="CUI.cpp">
      <Filter>Game\03.Object\03. UI</Filter>
    </ClCompile>
    <ClCompile Include="CButtonUI.cpp">
      <Filter>Game\03.Object\03. UI\Button</Filter>
    </ClCompile>
    <ClCompile Include="CPanelUI.cpp">
      <Filter>Game\03.Object\03. UI\Panel</Filter>
    </ClCompile>
    <ClCompile Include="CUIMgr.cpp">
      <Filter>Game\05. Manager\UIMgr</Filter>
    </ClCompile>
    <ClCompile Include="CAnimUI.cpp">
      <Filter>Game\03.Object\03. UI\Anim</Filter>
    </ClCompile>
    <ClCompile Include="CTextBoxUI.cpp">
      <Filter>Game\03.Object\03. UI\TextBox</Filter>
    </ClCompile>
    <ClCompile Include="CTextUI.cpp">
      <Filter>Game\03.Object\03. UI\Text</Filter>
    </ClCompile>
    <ClCompile Include="CLogMgr.cpp">
      <Filter>Game\05. Manager\LogMgr</Filter>
    </ClCompile>
    <ClCompile Include="CAfterImage.cpp">
      <Filter>Game\03.Object\04. Effect\AfterImage</Filter>
    </ClCompile>
    <ClCompile Include="CState_Dead.cpp">
      <Filter>Game\08. Module\State\Dead</Filter>
    </ClCompile>
    <ClCompile Include="CDeadEffect.cpp">
      <Filter>Game\03.Object\04. Effect\DeadEffect</Filter>
    </ClCompile>
    <ClCompile Include="CBackGround.cpp">
      <Filter>Game\03.Object\05. BackGround</Filter>
    </ClCompile>
    <ClCompile Include="CPalette.cpp">
      <Filter>Game\06. Asset\Palette</Filter>
    </ClCompile>
    <ClCompile Include="CStrawBerry.cpp">
      <Filter>Game\03.Object\Strawberry</Filter>
    </ClCompile>
    <ClCompile Include="CGameMgr.cpp">
      <Filter>Game\05. Manager\GameMgr</Filter>
    </ClCompile>
    <ClCompile Include="CSpring.cpp">
      <Filter>Game\03.Object\Spring</Filter>
    </ClCompile>
    <ClCompile Include="CState_Bounce.cpp">
      <Filter>Game\08. Module\State\Bounce</Filter>
    </ClCompile>
    <ClCompile Include="CZipMover.cpp">
      <Filter>Game\03.Object\ZipMover</Filter>
    </ClCompile>
    <ClCompile Include="CSoundMgr.cpp">
      <Filter>Game\05. Manager\SoundMgr</Filter>
    </ClCompile>
    <ClCompile Include="CLevel_Level_00.cpp">
      <Filter>Game\04. Level\Level_Stage00</Filter>
    </ClCompile>
    <ClCompile Include="CSaveData.cpp">
      <Filter>Game\08. Module\SaveData</Filter>
    </ClCompile>
  </ItemGroup>
</Project>